// !$*UTF8*$!
{
	archiveVersion = 1;
	classes = {
	};
	objectVersion = 56;
	objects = {

/* Begin PBXBuildFile section */
		BBC308E72D0B1064000A41B3 /* BeTheImpactApp.swift in Sources */ = {isa = PBXBuildFile; fileRef = BBC308E62D0B1064000A41B3 /* BeTheImpactApp.swift */; };
		BBC308E92D0B1064000A41B3 /* ContentView.swift in Sources */ = {isa = PBXBuildFile; fileRef = BBC308E82D0B1064000A41B3 /* ContentView.swift */; };
		BBC308EB2D0B1064000A41B3 /* Assets.xcassets in Resources */ = {isa = PBXBuildFile; fileRef = BBC308EA2D0B1064000A41B3 /* Assets.xcassets */; };
		BBC308EE2D0B1064000A41B3 /* Preview Assets.xcassets in Resources */ = {isa = PBXBuildFile; fileRef = BBC308ED2D0B1064000A41B3 /* Preview Assets.xcassets */; };
		BBC309132D0CE5D7000A41B3 /* Home.swift in Sources */ = {isa = PBXBuildFile; fileRef = BBC309122D0CE5D7000A41B3 /* Home.swift */; };
		BBC309152D0EEF38000A41B3 /* Food.swift in Sources */ = {isa = PBXBuildFile; fileRef = BBC309142D0EEF38000A41B3 /* Food.swift */; };
		BBC3091B2D138295000A41B3 /* Feelings.swift in Sources */ = {isa = PBXBuildFile; fileRef = BBC3091A2D138295000A41B3 /* Feelings.swift */; };
		BBC3091D2D1387A4000A41B3 /* People.swift in Sources */ = {isa = PBXBuildFile; fileRef = BBC3091C2D1387A4000A41B3 /* People.swift */; };
		BBC3091F2D144652000A41B3 /* CategoryDetailView.swift in Sources */ = {isa = PBXBuildFile; fileRef = BBC3091E2D144652000A41B3 /* CategoryDetailView.swift */; };
/* End PBXBuildFile section */

/* Begin PBXFileReference section */
		BBC308E32D0B1064000A41B3 /* BeTheImpact.app */ = {isa = PBXFileReference; explicitFileType = wrapper.application; includeInIndex = 0; path = BeTheImpact.app; sourceTree = BUILT_PRODUCTS_DIR; };
		BBC308E62D0B1064000A41B3 /* BeTheImpactApp.swift */ = {isa = PBXFileReference; lastKnownFileType = sourcecode.swift; path = BeTheImpactApp.swift; sourceTree = "<group>"; };
		BBC308E82D0B1064000A41B3 /* ContentView.swift */ = {isa = PBXFileReference; lastKnownFileType = sourcecode.swift; path = ContentView.swift; sourceTree = "<group>"; };
		BBC308EA2D0B1064000A41B3 /* Assets.xcassets */ = {isa = PBXFileReference; lastKnownFileType = folder.assetcatalog; path = Assets.xcassets; sourceTree = "<group>"; };
		BBC308ED2D0B1064000A41B3 /* Preview Assets.xcassets */ = {isa = PBXFileReference; lastKnownFileType = folder.assetcatalog; path = "Preview Assets.xcassets"; sourceTree = "<group>"; };
		BBC309122D0CE5D7000A41B3 /* Home.swift */ = {isa = PBXFileReference; lastKnownFileType = sourcecode.swift; path = Home.swift; sourceTree = "<group>"; };
		BBC309142D0EEF38000A41B3 /* Food.swift */ = {isa = PBXFileReference; lastKnownFileType = sourcecode.swift; path = Food.swift; sourceTree = "<group>"; };
		BBC3091A2D138295000A41B3 /* Feelings.swift */ = {isa = PBXFileReference; lastKnownFileType = sourcecode.swift; path = Feelings.swift; sourceTree = "<group>"; };
		BBC3091C2D1387A4000A41B3 /* People.swift */ = {isa = PBXFileReference; lastKnownFileType = sourcecode.swift; path = People.swift; sourceTree = "<group>"; };
		BBC3091E2D144652000A41B3 /* CategoryDetailView.swift */ = {isa = PBXFileReference; lastKnownFileType = sourcecode.swift; path = CategoryDetailView.swift; sourceTree = "<group>"; };
/* End PBXFileReference section */

/* Begin PBXFrameworksBuildPhase section */
		BBC308E02D0B1064000A41B3 /* Frameworks */ = {
			isa = PBXFrameworksBuildPhase;
			buildActionMask = 2147483647;
			files = (
			);
			runOnlyForDeploymentPostprocessing = 0;
		};
/* End PBXFrameworksBuildPhase section */

/* Begin PBXGroup section */
		BBC308DA2D0B1064000A41B3 = {
			isa = PBXGroup;
			children = (
				BBC308E52D0B1064000A41B3 /* BeTheImpact */,
				BBC308E42D0B1064000A41B3 /* Products */,
			);
			sourceTree = "<group>";
		};
		BBC308E42D0B1064000A41B3 /* Products */ = {
			isa = PBXGroup;
			children = (
				BBC308E32D0B1064000A41B3 /* BeTheImpact.app */,
			);
			name = Products;
			sourceTree = "<group>";
		};
		BBC308E52D0B1064000A41B3 /* BeTheImpact */ = {
			isa = PBXGroup;
			children = (
				BBC308E62D0B1064000A41B3 /* BeTheImpactApp.swift */,
				BBC308E82D0B1064000A41B3 /* ContentView.swift */,
				BBC309122D0CE5D7000A41B3 /* Home.swift */,
				BBC309142D0EEF38000A41B3 /* Food.swift */,
				BBC3091C2D1387A4000A41B3 /* People.swift */,
				BBC3091A2D138295000A41B3 /* Feelings.swift */,
				BBC3091E2D144652000A41B3 /* CategoryDetailView.swift */,
				BBC308EA2D0B1064000A41B3 /* Assets.xcassets */,
				BBC308EC2D0B1064000A41B3 /* Preview Content */,
			);
			path = BeTheImpact;
			sourceTree = "<group>";
		};
		BBC308EC2D0B1064000A41B3 /* Preview Content */ = {
			isa = PBXGroup;
			children = (
				BBC308ED2D0B1064000A41B3 /* Preview Assets.xcassets */,
			);
			path = "Preview Content";
			sourceTree = "<group>";
		};
/* End PBXGroup section */

/* Begin PBXNativeTarget section */
		BBC308E22D0B1064000A41B3 /* BeTheImpact */ = {
			isa = PBXNativeTarget;
			buildConfigurationList = BBC308F12D0B1064000A41B3 /* Build configuration list for PBXNativeTarget "BeTheImpact" */;
			buildPhases = (
				BBC308DF2D0B1064000A41B3 /* Sources */,
				BBC308E02D0B1064000A41B3 /* Frameworks */,
				BBC308E12D0B1064000A41B3 /* Resources */,
			);
			buildRules = (
			);
			dependencies = (
			);
			name = BeTheImpact;
			productName = BeTheImpact;
			productReference = BBC308E32D0B1064000A41B3 /* BeTheImpact.app */;
			productType = "com.apple.product-type.application";
		};
/* End PBXNativeTarget section */

/* Begin PBXProject section */
		BBC308DB2D0B1064000A41B3 /* Project object */ = {
			isa = PBXProject;
			attributes = {
				BuildIndependentTargetsInParallel = 1;
				LastSwiftUpdateCheck = 1540;
				LastUpgradeCheck = 1540;
				TargetAttributes = {
					BBC308E22D0B1064000A41B3 = {
						CreatedOnToolsVersion = 15.4;
					};
				};
			};
			buildConfigurationList = BBC308DE2D0B1064000A41B3 /* Build configuration list for PBXProject "BeTheImpact" */;
			compatibilityVersion = "Xcode 14.0";
			developmentRegion = en;
			hasScannedForEncodings = 0;
			knownRegions = (
				en,
				Base,
			);
			mainGroup = BBC308DA2D0B1064000A41B3;
			productRefGroup = BBC308E42D0B1064000A41B3 /* Products */;
			projectDirPath = "";
			projectRoot = "";
			targets = (
				BBC308E22D0B1064000A41B3 /* BeTheImpact */,
			);
		};
/* End PBXProject section */

/* Begin PBXResourcesBuildPhase section */
		BBC308E12D0B1064000A41B3 /* Resources */ = {
			isa = PBXResourcesBuildPhase;
			buildActionMask = 2147483647;
			files = (
				BBC308EE2D0B1064000A41B3 /* Preview Assets.xcassets in Resources */,
				BBC308EB2D0B1064000A41B3 /* Assets.xcassets in Resources */,
			);
			runOnlyForDeploymentPostprocessing = 0;
		};
/* End PBXResourcesBuildPhase section */

/* Begin PBXSourcesBuildPhase section */
		BBC308DF2D0B1064000A41B3 /* Sources */ = {
			isa = PBXSourcesBuildPhase;
			buildActionMask = 2147483647;
			files = (
				BBC308E92D0B1064000A41B3 /* ContentView.swift in Sources */,
				BBC309152D0EEF38000A41B3 /* Food.swift in Sources */,
				BBC309132D0CE5D7000A41B3 /* Home.swift in Sources */,
				BBC308E72D0B1064000A41B3 /* BeTheImpactApp.swift in Sources */,
				BBC3091D2D1387A4000A41B3 /* People.swift in Sources */,
				BBC3091F2D144652000A41B3 /* CategoryDetailView.swift in Sources */,
				BBC3091B2D138295000A41B3 /* Feelings.swift in Sources */,
			);
			runOnlyForDeploymentPostprocessing = 0;
		};
/* End PBXSourcesBuildPhase section */

/* Begin XCBuildConfiguration section */
		BBC308EF2D0B1064000A41B3 /* Debug */ = {
			isa = XCBuildConfiguration;
			buildSettings = {
				ALWAYS_SEARCH_USER_PATHS = NO;
				ASSETCATALOG_COMPILER_GENERATE_SWIFT_ASSET_SYMBOL_EXTENSIONS = YES;
				CLANG_ANALYZER_NONNULL = YES;
				CLANG_ANALYZER_NUMBER_OBJECT_CONVERSION = YES_AGGRESSIVE;
				CLANG_CXX_LANGUAGE_STANDARD = "gnu++20";
				CLANG_ENABLE_MODULES = YES;
				CLANG_ENABLE_OBJC_ARC = YES;
				CLANG_ENABLE_OBJC_WEAK = YES;
				CLANG_WARN_BLOCK_CAPTURE_AUTORELEASING = YES;
				CLANG_WARN_BOOL_CONVERSION = YES;
				CLANG_WARN_COMMA = YES;
				CLANG_WARN_CONSTANT_CONVERSION = YES;
				CLANG_WARN_DEPRECATED_OBJC_IMPLEMENTATIONS = YES;
				CLANG_WARN_DIRECT_OBJC_ISA_USAGE = YES_ERROR;
				CLANG_WARN_DOCUMENTATION_COMMENTS = YES;
				CLANG_WARN_EMPTY_BODY = YES;
				CLANG_WARN_ENUM_CONVERSION = YES;
				CLANG_WARN_INFINITE_RECURSION = YES;
				CLANG_WARN_INT_CONVERSION = YES;
				CLANG_WARN_NON_LITERAL_NULL_CONVERSION = YES;
				CLANG_WARN_OBJC_IMPLICIT_RETAIN_SELF = YES;
				CLANG_WARN_OBJC_LITERAL_CONVERSION = YES;
				CLANG_WARN_OBJC_ROOT_CLASS = YES_ERROR;
				CLANG_WARN_QUOTED_INCLUDE_IN_FRAMEWORK_HEADER = YES;
				CLANG_WARN_RANGE_LOOP_ANALYSIS = YES;
				CLANG_WARN_STRICT_PROTOTYPES = YES;
				CLANG_WARN_SUSPICIOUS_MOVE = YES;
				CLANG_WARN_UNGUARDED_AVAILABILITY = YES_AGGRESSIVE;
				CLANG_WARN_UNREACHABLE_CODE = YES;
				CLANG_WARN__DUPLICATE_METHOD_MATCH = YES;
				COPY_PHASE_STRIP = NO;
				DEBUG_INFORMATION_FORMAT = dwarf;
				ENABLE_STRICT_OBJC_MSGSEND = YES;
				ENABLE_TESTABILITY = YES;
				ENABLE_USER_SCRIPT_SANDBOXING = YES;
				GCC_C_LANGUAGE_STANDARD = gnu17;
				GCC_DYNAMIC_NO_PIC = NO;
				GCC_NO_COMMON_BLOCKS = YES;
				GCC_OPTIMIZATION_LEVEL = 0;
				GCC_PREPROCESSOR_DEFINITIONS = (
					"DEBUG=1",
					"$(inherited)",
				);
				GCC_WARN_64_TO_32_BIT_CONVERSION = YES;
				GCC_WARN_ABOUT_RETURN_TYPE = YES_ERROR;
				GCC_WARN_UNDECLARED_SELECTOR = YES;
				GCC_WARN_UNINITIALIZED_AUTOS = YES_AGGRESSIVE;
				GCC_WARN_UNUSED_FUNCTION = YES;
				GCC_WARN_UNUSED_VARIABLE = YES;
				IPHONEOS_DEPLOYMENT_TARGET = 17.5;
				LOCALIZATION_PREFERS_STRING_CATALOGS = YES;
				MTL_ENABLE_DEBUG_INFO = INCLUDE_SOURCE;
				MTL_FAST_MATH = YES;
				ONLY_ACTIVE_ARCH = YES;
				SDKROOT = iphoneos;
				SWIFT_ACTIVE_COMPILATION_CONDITIONS = "DEBUG $(inherited)";
				SWIFT_OPTIMIZATION_LEVEL = "-Onone";
			};
			name = Debug;
		};
		BBC308F02D0B1064000A41B3 /* Release */ = {
			isa = XCBuildConfiguration;
			buildSettings = {
				ALWAYS_SEARCH_USER_PATHS = NO;
				ASSETCATALOG_COMPILER_GENERATE_SWIFT_ASSET_SYMBOL_EXTENSIONS = YES;
				CLANG_ANALYZER_NONNULL = YES;
				CLANG_ANALYZER_NUMBER_OBJECT_CONVERSION = YES_AGGRESSIVE;
				CLANG_CXX_LANGUAGE_STANDARD = "gnu++20";
				CLANG_ENABLE_MODULES = YES;
				CLANG_ENABLE_OBJC_ARC = YES;
				CLANG_ENABLE_OBJC_WEAK = YES;
				CLANG_WARN_BLOCK_CAPTURE_AUTORELEASING = YES;
				CLANG_WARN_BOOL_CONVERSION = YES;
				CLANG_WARN_COMMA = YES;
				CLANG_WARN_CONSTANT_CONVERSION = YES;
				CLANG_WARN_DEPRECATED_OBJC_IMPLEMENTATIONS = YES;
				CLANG_WARN_DIRECT_OBJC_ISA_USAGE = YES_ERROR;
				CLANG_WARN_DOCUMENTATION_COMMENTS = YES;
				CLANG_WARN_EMPTY_BODY = YES;
				CLANG_WARN_ENUM_CONVERSION = YES;
				CLANG_WARN_INFINITE_RECURSION = YES;
				CLANG_WARN_INT_CONVERSION = YES;
				CLANG_WARN_NON_LITERAL_NULL_CONVERSION = YES;
				CLANG_WARN_OBJC_IMPLICIT_RETAIN_SELF = YES;
				CLANG_WARN_OBJC_LITERAL_CONVERSION = YES;
				CLANG_WARN_OBJC_ROOT_CLASS = YES_ERROR;
				CLANG_WARN_QUOTED_INCLUDE_IN_FRAMEWORK_HEADER = YES;
				CLANG_WARN_RANGE_LOOP_ANALYSIS = YES;
				CLANG_WARN_STRICT_PROTOTYPES = YES;
				CLANG_WARN_SUSPICIOUS_MOVE = YES;
				CLANG_WARN_UNGUARDED_AVAILABILITY = YES_AGGRESSIVE;
				CLANG_WARN_UNREACHABLE_CODE = YES;
				CLANG_WARN__DUPLICATE_METHOD_MATCH = YES;
				COPY_PHASE_STRIP = NO;
				DEBUG_INFORMATION_FORMAT = "dwarf-with-dsym";
				ENABLE_NS_ASSERTIONS = NO;
				ENABLE_STRICT_OBJC_MSGSEND = YES;
				ENABLE_USER_SCRIPT_SANDBOXING = YES;
				GCC_C_LANGUAGE_STANDARD = gnu17;
				GCC_NO_COMMON_BLOCKS = YES;
				GCC_WARN_64_TO_32_BIT_CONVERSION = YES;
				GCC_WARN_ABOUT_RETURN_TYPE = YES_ERROR;
				GCC_WARN_UNDECLARED_SELECTOR = YES;
				GCC_WARN_UNINITIALIZED_AUTOS = YES_AGGRESSIVE;
				GCC_WARN_UNUSED_FUNCTION = YES;
				GCC_WARN_UNUSED_VARIABLE = YES;
				IPHONEOS_DEPLOYMENT_TARGET = 17.5;
				LOCALIZATION_PREFERS_STRING_CATALOGS = YES;
				MTL_ENABLE_DEBUG_INFO = NO;
				MTL_FAST_MATH = YES;
				SDKROOT = iphoneos;
				SWIFT_COMPILATION_MODE = wholemodule;
				VALIDATE_PRODUCT = YES;
			};
			name = Release;
		};
		BBC308F22D0B1064000A41B3 /* Debug */ = {
			isa = XCBuildConfiguration;
			buildSettings = {
				ASSETCATALOG_COMPILER_APPICON_NAME = AppIcon;
				ASSETCATALOG_COMPILER_GLOBAL_ACCENT_COLOR_NAME = AccentColor;
				CODE_SIGN_STYLE = Automatic;
				CURRENT_PROJECT_VERSION = 1;
				DEVELOPMENT_ASSET_PATHS = "\"BeTheImpact/Preview Content\"";
				DEVELOPMENT_TEAM = LWMUSGAR69;
				ENABLE_PREVIEWS = YES;
				GENERATE_INFOPLIST_FILE = YES;
				INFOPLIST_KEY_CFBundleDisplayName = BeTheImpact;
				INFOPLIST_KEY_LSApplicationCategoryType = "public.app-category.education";
				INFOPLIST_KEY_UIApplicationSceneManifest_Generation = YES;
				INFOPLIST_KEY_UIApplicationSupportsIndirectInputEvents = YES;
				INFOPLIST_KEY_UILaunchScreen_Generation = YES;
				INFOPLIST_KEY_UISupportedInterfaceOrientations_iPad = "UIInterfaceOrientationPortrait UIInterfaceOrientationPortraitUpsideDown UIInterfaceOrientationLandscapeLeft UIInterfaceOrientationLandscapeRight";
				INFOPLIST_KEY_UISupportedInterfaceOrientations_iPhone = "UIInterfaceOrientationPortrait UIInterfaceOrientationLandscapeLeft UIInterfaceOrientationLandscapeRight";
				LD_RUNPATH_SEARCH_PATHS = (
					"$(inherited)",
					"@executable_path/Frameworks",
				);
				MARKETING_VERSION = 0.1.0;
				PRODUCT_BUNDLE_IDENTIFIER = w.BeTheImpact;
				PRODUCT_NAME = "$(TARGET_NAME)";
				SWIFT_EMIT_LOC_STRINGS = YES;
				SWIFT_VERSION = 5.0;
				TARGETED_DEVICE_FAMILY = "1,2";
			};
			name = Debug;
		};
		BBC308F32D0B1064000A41B3 /* Release */ = {
			isa = XCBuildConfiguration;
			buildSettings = {
				ASSETCATALOG_COMPILER_APPICON_NAME = AppIcon;
				ASSETCATALOG_COMPILER_GLOBAL_ACCENT_COLOR_NAME = AccentColor;
				CODE_SIGN_STYLE = Automatic;
				CURRENT_PROJECT_VERSION = 1;
				DEVELOPMENT_ASSET_PATHS = "\"BeTheImpact/Preview Content\"";
				DEVELOPMENT_TEAM = LWMUSGAR69;
				ENABLE_PREVIEWS = YES;
				GENERATE_INFOPLIST_FILE = YES;
				INFOPLIST_KEY_CFBundleDisplayName = BeTheImpact;
				INFOPLIST_KEY_LSApplicationCategoryType = "public.app-category.education";
				INFOPLIST_KEY_UIApplicationSceneManifest_Generation = YES;
				INFOPLIST_KEY_UIApplicationSupportsIndirectInputEvents = YES;
				INFOPLIST_KEY_UILaunchScreen_Generation = YES;
				INFOPLIST_KEY_UISupportedInterfaceOrientations_iPad = "UIInterfaceOrientationPortrait UIInterfaceOrientationPortraitUpsideDown UIInterfaceOrientationLandscapeLeft UIInterfaceOrientationLandscapeRight";
				INFOPLIST_KEY_UISupportedInterfaceOrientations_iPhone = "UIInterfaceOrientationPortrait UIInterfaceOrientationLandscapeLeft UIInterfaceOrientationLandscapeRight";
				LD_RUNPATH_SEARCH_PATHS = (
					"$(inherited)",
					"@executable_path/Frameworks",
				);
				MARKETING_VERSION = 0.1.0;
				PRODUCT_BUNDLE_IDENTIFIER = w.BeTheImpact;
				PRODUCT_NAME = "$(TARGET_NAME)";
				SWIFT_EMIT_LOC_STRINGS = YES;
				SWIFT_VERSION = 5.0;
				TARGETED_DEVICE_FAMILY = "1,2";
			};
			name = Release;
		};
/* End XCBuildConfiguration section */

/* Begin XCConfigurationList section */
		BBC308DE2D0B1064000A41B3 /* Build configuration list for PBXProject "BeTheImpact" */ = {
			isa = XCConfigurationList;
			buildConfigurations = (
				BBC308EF2D0B1064000A41B3 /* Debug */,
				BBC308F02D0B1064000A41B3 /* Release */,
			);
			defaultConfigurationIsVisible = 0;
			defaultConfigurationName = Release;
		};
		BBC308F12D0B1064000A41B3 /* Build configuration list for PBXNativeTarget "BeTheImpact" */ = {
			isa = XCConfigurationList;
			buildConfigurations = (
				BBC308F22D0B1064000A41B3 /* Debug */,
				BBC308F32D0B1064000A41B3 /* Release */,
			);
			defaultConfigurationIsVisible = 0;
			defaultConfigurationName = Release;
		};
/* End XCConfigurationList section */
	};
	rootObject = BBC308DB2D0B1064000A41B3 /* Project object */;
}
